
Microsoft Visual Studio Solution File, Format Version 12.00
# Visual Studio Version 17
VisualStudioVersion = 17.4.33103.184
MinimumVisualStudioVersion = 10.0.40219.1
Project("{9A19103F-16F7-4668-BE54-9A1E7A4F7556}") = "Facade", "Facade\Facade.csproj", "{F2D2D01D-855D-44D2-BF6F-6E0EF9236395}"
EndProject
Project("{9A19103F-16F7-4668-BE54-9A1E7A4F7556}") = "Flyweight", "Flyweight\Flyweight.csproj", "{95E7A3B3-5725-43BF-816F-FCD420BF4437}"
EndProject
Project("{9A19103F-16F7-4668-BE54-9A1E7A4F7556}") = "Interpreter", "Interpreter\Interpreter.csproj", "{DB3C924D-1AAB-4325-96DA-4518DEC9130E}"
EndProject
Project("{9A19103F-16F7-4668-BE54-9A1E7A4F7556}") = "Bridge", "Bridge\Bridge.csproj", "{CDA78D77-07FD-45FA-BB93-26AE728C7F61}"
EndProject
Project("{9A19103F-16F7-4668-BE54-9A1E7A4F7556}") = "Null.Object", "Null Object\Null.Object.csproj", "{6E48F2AE-042B-4E3C-9597-0AB33654DC8F}"
EndProject
Project("{9A19103F-16F7-4668-BE54-9A1E7A4F7556}") = "Singleton.And.Factory", "Singleton.And.Factory\Singleton.And.Factory.csproj", "{A313029D-6A0D-4C6B-BC98-7057C4CFBADB}"
EndProject
Project("{9A19103F-16F7-4668-BE54-9A1E7A4F7556}") = "Template.Method", "Template.Method\Template.Method.csproj", "{10581599-1568-4C70-9A5C-C37794979C06}"
EndProject
Project("{9A19103F-16F7-4668-BE54-9A1E7A4F7556}") = "Strategy", "Strategy\Strategy.csproj", "{5D3023F4-A62D-404D-9FC8-BD56D9D8326E}"
EndProject
Project("{9A19103F-16F7-4668-BE54-9A1E7A4F7556}") = "Chain.Of.Responsibility", "Chain.Of.Responsibility\Chain.Of.Responsibility.csproj", "{3788607F-9C94-4576-A291-2D7A5445442A}"
EndProject
Project("{9A19103F-16F7-4668-BE54-9A1E7A4F7556}") = "Iterator", "Iterator\Iterator.csproj", "{1A99657E-FD89-44BE-88D1-2F3646F0CD26}"
EndProject
Project("{9A19103F-16F7-4668-BE54-9A1E7A4F7556}") = "Memento", "Memento\Memento.csproj", "{D8218C02-8D42-4006-9AD5-B45C05624198}"
EndProject
Project("{9A19103F-16F7-4668-BE54-9A1E7A4F7556}") = "Command", "Command\Command.csproj", "{79FDE827-6A6F-4361-93EB-1477FA9388F0}"
EndProject
Project("{9A19103F-16F7-4668-BE54-9A1E7A4F7556}") = "Prototype", "Prototype\Prototype.csproj", "{BDA98FDE-64C3-43C8-9AE7-D5F01FFBFAB8}"
EndProject
Project("{9A19103F-16F7-4668-BE54-9A1E7A4F7556}") = "Adapter", "Adapter\Adapter.csproj", "{2BFFA303-413E-4498-AE4E-CA75A905E128}"
EndProject
Project("{2150E333-8FDC-42A3-9474-1A3956D46DE8}") = "Structural", "Structural", "{B6BCAF4A-816C-43D3-9847-D738D3872E2D}"
EndProject
Project("{2150E333-8FDC-42A3-9474-1A3956D46DE8}") = "Behavioral", "Behavioral", "{42E6D81F-B730-464D-AD7F-EDBF108A9003}"
EndProject
Project("{2150E333-8FDC-42A3-9474-1A3956D46DE8}") = "Creational", "Creational", "{E15B8975-E5C6-45C6-AF85-0A6A75737908}"
EndProject
Global
	GlobalSection(SolutionConfigurationPlatforms) = preSolution
		Debug|Any CPU = Debug|Any CPU
		Release|Any CPU = Release|Any CPU
	EndGlobalSection
	GlobalSection(ProjectConfigurationPlatforms) = postSolution
		{F2D2D01D-855D-44D2-BF6F-6E0EF9236395}.Debug|Any CPU.ActiveCfg = Debug|Any CPU
		{F2D2D01D-855D-44D2-BF6F-6E0EF9236395}.Debug|Any CPU.Build.0 = Debug|Any CPU
		{F2D2D01D-855D-44D2-BF6F-6E0EF9236395}.Release|Any CPU.ActiveCfg = Release|Any CPU
		{F2D2D01D-855D-44D2-BF6F-6E0EF9236395}.Release|Any CPU.Build.0 = Release|Any CPU
		{95E7A3B3-5725-43BF-816F-FCD420BF4437}.Debug|Any CPU.ActiveCfg = Debug|Any CPU
		{95E7A3B3-5725-43BF-816F-FCD420BF4437}.Debug|Any CPU.Build.0 = Debug|Any CPU
		{95E7A3B3-5725-43BF-816F-FCD420BF4437}.Release|Any CPU.ActiveCfg = Release|Any CPU
		{95E7A3B3-5725-43BF-816F-FCD420BF4437}.Release|Any CPU.Build.0 = Release|Any CPU
		{DB3C924D-1AAB-4325-96DA-4518DEC9130E}.Debug|Any CPU.ActiveCfg = Debug|Any CPU
		{DB3C924D-1AAB-4325-96DA-4518DEC9130E}.Debug|Any CPU.Build.0 = Debug|Any CPU
		{DB3C924D-1AAB-4325-96DA-4518DEC9130E}.Release|Any CPU.ActiveCfg = Release|Any CPU
		{DB3C924D-1AAB-4325-96DA-4518DEC9130E}.Release|Any CPU.Build.0 = Release|Any CPU
		{CDA78D77-07FD-45FA-BB93-26AE728C7F61}.Debug|Any CPU.ActiveCfg = Debug|Any CPU
		{CDA78D77-07FD-45FA-BB93-26AE728C7F61}.Debug|Any CPU.Build.0 = Debug|Any CPU
		{CDA78D77-07FD-45FA-BB93-26AE728C7F61}.Release|Any CPU.ActiveCfg = Release|Any CPU
		{CDA78D77-07FD-45FA-BB93-26AE728C7F61}.Release|Any CPU.Build.0 = Release|Any CPU
		{6E48F2AE-042B-4E3C-9597-0AB33654DC8F}.Debug|Any CPU.ActiveCfg = Debug|Any CPU
		{6E48F2AE-042B-4E3C-9597-0AB33654DC8F}.Debug|Any CPU.Build.0 = Debug|Any CPU
		{6E48F2AE-042B-4E3C-9597-0AB33654DC8F}.Release|Any CPU.ActiveCfg = Release|Any CPU
		{6E48F2AE-042B-4E3C-9597-0AB33654DC8F}.Release|Any CPU.Build.0 = Release|Any CPU
		{A313029D-6A0D-4C6B-BC98-7057C4CFBADB}.Debug|Any CPU.ActiveCfg = Debug|Any CPU
		{A313029D-6A0D-4C6B-BC98-7057C4CFBADB}.Debug|Any CPU.Build.0 = Debug|Any CPU
		{A313029D-6A0D-4C6B-BC98-7057C4CFBADB}.Release|Any CPU.ActiveCfg = Release|Any CPU
		{A313029D-6A0D-4C6B-BC98-7057C4CFBADB}.Release|Any CPU.Build.0 = Release|Any CPU
		{10581599-1568-4C70-9A5C-C37794979C06}.Debug|Any CPU.ActiveCfg = Debug|Any CPU
		{10581599-1568-4C70-9A5C-C37794979C06}.Debug|Any CPU.Build.0 = Debug|Any CPU
		{10581599-1568-4C70-9A5C-C37794979C06}.Release|Any CPU.ActiveCfg = Release|Any CPU
		{10581599-1568-4C70-9A5C-C37794979C06}.Release|Any CPU.Build.0 = Release|Any CPU
		{5D3023F4-A62D-404D-9FC8-BD56D9D8326E}.Debug|Any CPU.ActiveCfg = Debug|Any CPU
		{5D3023F4-A62D-404D-9FC8-BD56D9D8326E}.Debug|Any CPU.Build.0 = Debug|Any CPU
		{5D3023F4-A62D-404D-9FC8-BD56D9D8326E}.Release|Any CPU.ActiveCfg = Release|Any CPU
		{5D3023F4-A62D-404D-9FC8-BD56D9D8326E}.Release|Any CPU.Build.0 = Release|Any CPU
		{3788607F-9C94-4576-A291-2D7A5445442A}.Debug|Any CPU.ActiveCfg = Debug|Any CPU
		{3788607F-9C94-4576-A291-2D7A5445442A}.Debug|Any CPU.Build.0 = Debug|Any CPU
		{3788607F-9C94-4576-A291-2D7A5445442A}.Release|Any CPU.ActiveCfg = Release|Any CPU
		{3788607F-9C94-4576-A291-2D7A5445442A}.Release|Any CPU.Build.0 = Release|Any CPU
		{1A99657E-FD89-44BE-88D1-2F3646F0CD26}.Debug|Any CPU.ActiveCfg = Debug|Any CPU
		{1A99657E-FD89-44BE-88D1-2F3646F0CD26}.Debug|Any CPU.Build.0 = Debug|Any CPU
		{1A99657E-FD89-44BE-88D1-2F3646F0CD26}.Release|Any CPU.ActiveCfg = Release|Any CPU
		{1A99657E-FD89-44BE-88D1-2F3646F0CD26}.Release|Any CPU.Build.0 = Release|Any CPU
		{D8218C02-8D42-4006-9AD5-B45C05624198}.Debug|Any CPU.ActiveCfg = Debug|Any CPU
		{D8218C02-8D42-4006-9AD5-B45C05624198}.Debug|Any CPU.Build.0 = Debug|Any CPU
		{D8218C02-8D42-4006-9AD5-B45C05624198}.Release|Any CPU.ActiveCfg = Release|Any CPU
		{D8218C02-8D42-4006-9AD5-B45C05624198}.Release|Any CPU.Build.0 = Release|Any CPU
		{79FDE827-6A6F-4361-93EB-1477FA9388F0}.Debug|Any CPU.ActiveCfg = Debug|Any CPU
		{79FDE827-6A6F-4361-93EB-1477FA9388F0}.Debug|Any CPU.Build.0 = Debug|Any CPU
		{79FDE827-6A6F-4361-93EB-1477FA9388F0}.Release|Any CPU.ActiveCfg = Release|Any CPU
		{79FDE827-6A6F-4361-93EB-1477FA9388F0}.Release|Any CPU.Build.0 = Release|Any CPU
		{BDA98FDE-64C3-43C8-9AE7-D5F01FFBFAB8}.Debug|Any CPU.ActiveCfg = Debug|Any CPU
		{BDA98FDE-64C3-43C8-9AE7-D5F01FFBFAB8}.Debug|Any CPU.Build.0 = Debug|Any CPU
		{BDA98FDE-64C3-43C8-9AE7-D5F01FFBFAB8}.Release|Any CPU.ActiveCfg = Release|Any CPU
		{BDA98FDE-64C3-43C8-9AE7-D5F01FFBFAB8}.Release|Any CPU.Build.0 = Release|Any CPU
		{2BFFA303-413E-4498-AE4E-CA75A905E128}.Debug|Any CPU.ActiveCfg = Debug|Any CPU
		{2BFFA303-413E-4498-AE4E-CA75A905E128}.Debug|Any CPU.Build.0 = Debug|Any CPU
		{2BFFA303-413E-4498-AE4E-CA75A905E128}.Release|Any CPU.ActiveCfg = Release|Any CPU
		{2BFFA303-413E-4498-AE4E-CA75A905E128}.Release|Any CPU.Build.0 = Release|Any CPU
	EndGlobalSection
	GlobalSection(SolutionProperties) = preSolution
		HideSolutionNode = FALSE
	EndGlobalSection
	GlobalSection(NestedProjects) = preSolution
		{F2D2D01D-855D-44D2-BF6F-6E0EF9236395} = {B6BCAF4A-816C-43D3-9847-D738D3872E2D}
		{95E7A3B3-5725-43BF-816F-FCD420BF4437} = {B6BCAF4A-816C-43D3-9847-D738D3872E2D}
		{DB3C924D-1AAB-4325-96DA-4518DEC9130E} = {42E6D81F-B730-464D-AD7F-EDBF108A9003}
		{CDA78D77-07FD-45FA-BB93-26AE728C7F61} = {B6BCAF4A-816C-43D3-9847-D738D3872E2D}
		{6E48F2AE-042B-4E3C-9597-0AB33654DC8F} = {E15B8975-E5C6-45C6-AF85-0A6A75737908}
		{A313029D-6A0D-4C6B-BC98-7057C4CFBADB} = {E15B8975-E5C6-45C6-AF85-0A6A75737908}
		{10581599-1568-4C70-9A5C-C37794979C06} = {42E6D81F-B730-464D-AD7F-EDBF108A9003}
		{5D3023F4-A62D-404D-9FC8-BD56D9D8326E} = {42E6D81F-B730-464D-AD7F-EDBF108A9003}
		{3788607F-9C94-4576-A291-2D7A5445442A} = {42E6D81F-B730-464D-AD7F-EDBF108A9003}
		{1A99657E-FD89-44BE-88D1-2F3646F0CD26} = {42E6D81F-B730-464D-AD7F-EDBF108A9003}
		{D8218C02-8D42-4006-9AD5-B45C05624198} = {42E6D81F-B730-464D-AD7F-EDBF108A9003}
		{79FDE827-6A6F-4361-93EB-1477FA9388F0} = {42E6D81F-B730-464D-AD7F-EDBF108A9003}
		{BDA98FDE-64C3-43C8-9AE7-D5F01FFBFAB8} = {E15B8975-E5C6-45C6-AF85-0A6A75737908}
		{2BFFA303-413E-4498-AE4E-CA75A905E128} = {B6BCAF4A-816C-43D3-9847-D738D3872E2D}
	EndGlobalSection
	GlobalSection(ExtensibilityGlobals) = postSolution
		SolutionGuid = {B4E38765-5CF0-45B9-A6CC-E25382865344}
	EndGlobalSection
EndGlobal
